// !$*UTF8*$!
{
	archiveVersion = 1;
	classes = {
	};
	objectVersion = 46;
	objects = {

/* Begin PBXBuildFile section */
		522C11A51DEDC9450041AEA0 /* PersonMO+CoreDataClass.swift in Sources */ = {isa = PBXBuildFile; fileRef = 522C11A31DEDC9450041AEA0 /* PersonMO+CoreDataClass.swift */; };
		522C11A61DEDC9450041AEA0 /* PersonMO+CoreDataProperties.swift in Sources */ = {isa = PBXBuildFile; fileRef = 522C11A41DEDC9450041AEA0 /* PersonMO+CoreDataProperties.swift */; };
		523E5E4F1DE6838B008411C9 /* ListTableViewController.swift in Sources */ = {isa = PBXBuildFile; fileRef = 523E5E4E1DE6838B008411C9 /* ListTableViewController.swift */; };
		523E5E7A1DE6E6A2008411C9 /* DetailTableViewController.swift in Sources */ = {isa = PBXBuildFile; fileRef = 523E5E791DE6E6A2008411C9 /* DetailTableViewController.swift */; };
		525B80CC1DE67FE900DD79BF /* AppDelegate.swift in Sources */ = {isa = PBXBuildFile; fileRef = 525B80CB1DE67FE900DD79BF /* AppDelegate.swift */; };
		525B80D11DE67FE900DD79BF /* Main.storyboard in Resources */ = {isa = PBXBuildFile; fileRef = 525B80CF1DE67FE900DD79BF /* Main.storyboard */; };
		525B80D31DE67FE900DD79BF /* Assets.xcassets in Resources */ = {isa = PBXBuildFile; fileRef = 525B80D21DE67FE900DD79BF /* Assets.xcassets */; };
		525B80D61DE67FE900DD79BF /* LaunchScreen.storyboard in Resources */ = {isa = PBXBuildFile; fileRef = 525B80D41DE67FE900DD79BF /* LaunchScreen.storyboard */; };
		52CF840F1DE7EC7A00011032 /* Acquaintance.xcdatamodeld in Sources */ = {isa = PBXBuildFile; fileRef = 52CF840D1DE7EC7A00011032 /* Acquaintance.xcdatamodeld */; };
		52D5A8481DE72DA600784AE4 /* ListTableViewCell.swift in Sources */ = {isa = PBXBuildFile; fileRef = 52D5A8471DE72DA600784AE4 /* ListTableViewCell.swift */; };
		52DDF2691DF00C4C00D85FE8 /* CategoryTableViewController.swift in Sources */ = {isa = PBXBuildFile; fileRef = 52DDF2681DF00C4C00D85FE8 /* CategoryTableViewController.swift */; };
/* End PBXBuildFile section */

/* Begin PBXFileReference section */
		522C11A31DEDC9450041AEA0 /* PersonMO+CoreDataClass.swift */ = {isa = PBXFileReference; fileEncoding = 4; lastKnownFileType = sourcecode.swift; path = "PersonMO+CoreDataClass.swift"; sourceTree = "<group>"; };
		522C11A41DEDC9450041AEA0 /* PersonMO+CoreDataProperties.swift */ = {isa = PBXFileReference; fileEncoding = 4; lastKnownFileType = sourcecode.swift; path = "PersonMO+CoreDataProperties.swift"; sourceTree = "<group>"; };
		523E5E4E1DE6838B008411C9 /* ListTableViewController.swift */ = {isa = PBXFileReference; fileEncoding = 4; lastKnownFileType = sourcecode.swift; path = ListTableViewController.swift; sourceTree = "<group>"; };
		523E5E791DE6E6A2008411C9 /* DetailTableViewController.swift */ = {isa = PBXFileReference; fileEncoding = 4; lastKnownFileType = sourcecode.swift; path = DetailTableViewController.swift; sourceTree = "<group>"; };
		525B80C81DE67FE800DD79BF /* Acquaintance.app */ = {isa = PBXFileReference; explicitFileType = wrapper.application; includeInIndex = 0; path = Acquaintance.app; sourceTree = BUILT_PRODUCTS_DIR; };
		525B80CB1DE67FE900DD79BF /* AppDelegate.swift */ = {isa = PBXFileReference; lastKnownFileType = sourcecode.swift; path = AppDelegate.swift; sourceTree = "<group>"; };
		525B80D01DE67FE900DD79BF /* Base */ = {isa = PBXFileReference; lastKnownFileType = file.storyboard; name = Base; path = Base.lproj/Main.storyboard; sourceTree = "<group>"; };
		525B80D21DE67FE900DD79BF /* Assets.xcassets */ = {isa = PBXFileReference; lastKnownFileType = folder.assetcatalog; path = Assets.xcassets; sourceTree = "<group>"; };
		525B80D51DE67FE900DD79BF /* Base */ = {isa = PBXFileReference; lastKnownFileType = file.storyboard; name = Base; path = Base.lproj/LaunchScreen.storyboard; sourceTree = "<group>"; };
		525B80D71DE67FE900DD79BF /* Info.plist */ = {isa = PBXFileReference; lastKnownFileType = text.plist.xml; path = Info.plist; sourceTree = "<group>"; };
		52CF840E1DE7EC7A00011032 /* Acquaintance.xcdatamodel */ = {isa = PBXFileReference; lastKnownFileType = wrapper.xcdatamodel; path = Acquaintance.xcdatamodel; sourceTree = "<group>"; };
		52D5A8471DE72DA600784AE4 /* ListTableViewCell.swift */ = {isa = PBXFileReference; fileEncoding = 4; lastKnownFileType = sourcecode.swift; path = ListTableViewCell.swift; sourceTree = "<group>"; };
		52DDF2681DF00C4C00D85FE8 /* CategoryTableViewController.swift */ = {isa = PBXFileReference; fileEncoding = 4; lastKnownFileType = sourcecode.swift; path = CategoryTableViewController.swift; sourceTree = "<group>"; };
/* End PBXFileReference section */

/* Begin PBXFrameworksBuildPhase section */
		525B80C51DE67FE800DD79BF /* Frameworks */ = {
			isa = PBXFrameworksBuildPhase;
			buildActionMask = 2147483647;
			files = (
			);
			runOnlyForDeploymentPostprocessing = 0;
		};
/* End PBXFrameworksBuildPhase section */

/* Begin PBXGroup section */
		525B80BF1DE67FE800DD79BF = {
			isa = PBXGroup;
			children = (
				525B80CA1DE67FE800DD79BF /* Acquaintance */,
				525B80C91DE67FE800DD79BF /* Products */,
			);
			sourceTree = "<group>";
		};
		525B80C91DE67FE800DD79BF /* Products */ = {
			isa = PBXGroup;
			children = (
				525B80C81DE67FE800DD79BF /* Acquaintance.app */,
			);
			name = Products;
			sourceTree = "<group>";
		};
		525B80CA1DE67FE800DD79BF /* Acquaintance */ = {
			isa = PBXGroup;
			children = (
				522C11A31DEDC9450041AEA0 /* PersonMO+CoreDataClass.swift */,
				522C11A41DEDC9450041AEA0 /* PersonMO+CoreDataProperties.swift */,
				525B80CB1DE67FE900DD79BF /* AppDelegate.swift */,
				525B80CF1DE67FE900DD79BF /* Main.storyboard */,
				525B80D21DE67FE900DD79BF /* Assets.xcassets */,
				525B80D41DE67FE900DD79BF /* LaunchScreen.storyboard */,
				525B80D71DE67FE900DD79BF /* Info.plist */,
				523E5E4E1DE6838B008411C9 /* ListTableViewController.swift */,
				523E5E791DE6E6A2008411C9 /* DetailTableViewController.swift */,
				52D5A8471DE72DA600784AE4 /* ListTableViewCell.swift */,
				52CF840D1DE7EC7A00011032 /* Acquaintance.xcdatamodeld */,
				52DDF2681DF00C4C00D85FE8 /* CategoryTableViewController.swift */,
			);
			path = Acquaintance;
			sourceTree = "<group>";
		};
/* End PBXGroup section */

/* Begin PBXNativeTarget section */
		525B80C71DE67FE800DD79BF /* Acquaintance */ = {
			isa = PBXNativeTarget;
			buildConfigurationList = 525B80DA1DE67FE900DD79BF /* Build configuration list for PBXNativeTarget "Acquaintance" */;
			buildPhases = (
				525B80C41DE67FE800DD79BF /* Sources */,
				525B80C51DE67FE800DD79BF /* Frameworks */,
				525B80C61DE67FE800DD79BF /* Resources */,
			);
			buildRules = (
			);
			dependencies = (
			);
			name = Acquaintance;
			productName = Acquaintance;
			productReference = 525B80C81DE67FE800DD79BF /* Acquaintance.app */;
			productType = "com.apple.product-type.application";
		};
/* End PBXNativeTarget section */

/* Begin PBXProject section */
		525B80C01DE67FE800DD79BF /* Project object */ = {
			isa = PBXProject;
			attributes = {
				LastSwiftUpdateCheck = 0820;
				LastUpgradeCheck = 0820;
				ORGANIZATIONNAME = "yucong shen";
				TargetAttributes = {
					525B80C71DE67FE800DD79BF = {
						CreatedOnToolsVersion = 8.2;
						DevelopmentTeam = J654GEC59J;
						ProvisioningStyle = Automatic;
					};
				};
			};
			buildConfigurationList = 525B80C31DE67FE800DD79BF /* Build configuration list for PBXProject "Acquaintance" */;
			compatibilityVersion = "Xcode 3.2";
			developmentRegion = English;
			hasScannedForEncodings = 0;
			knownRegions = (
				en,
				Base,
			);
			mainGroup = 525B80BF1DE67FE800DD79BF;
			productRefGroup = 525B80C91DE67FE800DD79BF /* Products */;
			projectDirPath = "";
			projectRoot = "";
			targets = (
				525B80C71DE67FE800DD79BF /* Acquaintance */,
			);
		};
/* End PBXProject section */

/* Begin PBXResourcesBuildPhase section */
		525B80C61DE67FE800DD79BF /* Resources */ = {
			isa = PBXResourcesBuildPhase;
			buildActionMask = 2147483647;
			files = (
				525B80D61DE67FE900DD79BF /* LaunchScreen.storyboard in Resources */,
				525B80D31DE67FE900DD79BF /* Assets.xcassets in Resources */,
				525B80D11DE67FE900DD79BF /* Main.storyboard in Resources */,
			);
			runOnlyForDeploymentPostprocessing = 0;
		};
/* End PBXResourcesBuildPhase section */

/* Begin PBXSourcesBuildPhase section */
		525B80C41DE67FE800DD79BF /* Sources */ = {
			isa = PBXSourcesBuildPhase;
			buildActionMask = 2147483647;
			files = (
				52CF840F1DE7EC7A00011032 /* Acquaintance.xcdatamodeld in Sources */,
				523E5E7A1DE6E6A2008411C9 /* DetailTableViewController.swift in Sources */,
				525B80CC1DE67FE900DD79BF /* AppDelegate.swift in Sources */,
				52DDF2691DF00C4C00D85FE8 /* CategoryTableViewController.swift in Sources */,
				523E5E4F1DE6838B008411C9 /* ListTableViewController.swift in Sources */,
				522C11A61DEDC9450041AEA0 /* PersonMO+CoreDataProperties.swift in Sources */,
				522C11A51DEDC9450041AEA0 /* PersonMO+CoreDataClass.swift in Sources */,
				52D5A8481DE72DA600784AE4 /* ListTableViewCell.swift in Sources */,
			);
			runOnlyForDeploymentPostprocessing = 0;
		};
/* End PBXSourcesBuildPhase section */

/* Begin PBXVariantGroup section */
		525B80CF1DE67FE900DD79BF /* Main.storyboard */ = {
			isa = PBXVariantGroup;
			children = (
				525B80D01DE67FE900DD79BF /* Base */,
			);
			name = Main.storyboard;
			sourceTree = "<group>";
		};
		525B80D41DE67FE900DD79BF /* LaunchScreen.storyboard */ = {
			isa = PBXVariantGroup;
			children = (
				525B80D51DE67FE900DD79BF /* Base */,
			);
			name = LaunchScreen.storyboard;
			sourceTree = "<group>";
		};
/* End PBXVariantGroup section */

/* Begin XCBuildConfiguration section */
		525B80D81DE67FE900DD79BF /* Debug */ = {
			isa = XCBuildConfiguration;
			buildSettings = {
				ALWAYS_SEARCH_USER_PATHS = NO;
				CLANG_ANALYZER_NONNULL = YES;
				CLANG_CXX_LANGUAGE_STANDARD = "gnu++0x";
				CLANG_CXX_LIBRARY = "libc++";
				CLANG_ENABLE_MODULES = YES;
				CLANG_ENABLE_OBJC_ARC = YES;
				CLANG_WARN_BOOL_CONVERSION = YES;
				CLANG_WARN_CONSTANT_CONVERSION = YES;
				CLANG_WARN_DIRECT_OBJC_ISA_USAGE = YES_ERROR;
				CLANG_WARN_DOCUMENTATION_COMMENTS = YES;
				CLANG_WARN_EMPTY_BODY = YES;
				CLANG_WARN_ENUM_CONVERSION = YES;
				CLANG_WARN_INFINITE_RECURSION = YES;
				CLANG_WARN_INT_CONVERSION = YES;
				CLANG_WARN_OBJC_ROOT_CLASS = YES_ERROR;
				CLANG_WARN_SUSPICIOUS_MOVE = YES;
				CLANG_WARN_UNREACHABLE_CODE = YES;
				CLANG_WARN__DUPLICATE_METHOD_MATCH = YES;
				"CODE_SIGN_IDENTITY[sdk=iphoneos*]" = "iPhone Developer";
				COPY_PHASE_STRIP = NO;
				DEBUG_INFORMATION_FORMAT = dwarf;
				ENABLE_STRICT_OBJC_MSGSEND = YES;
				ENABLE_TESTABILITY = YES;
				GCC_C_LANGUAGE_STANDARD = gnu99;
				GCC_DYNAMIC_NO_PIC = NO;
				GCC_NO_COMMON_BLOCKS = YES;
				GCC_OPTIMIZATION_LEVEL = 0;
				GCC_PREPROCESSOR_DEFINITIONS = (
					"DEBUG=1",
					"$(inherited)",
				);
				GCC_WARN_64_TO_32_BIT_CONVERSION = YES;
				GCC_WARN_ABOUT_RETURN_TYPE = YES_ERROR;
				GCC_WARN_UNDECLARED_SELECTOR = YES;
				GCC_WARN_UNINITIALIZED_AUTOS = YES_AGGRESSIVE;
				GCC_WARN_UNUSED_FUNCTION = YES;
				GCC_WARN_UNUSED_VARIABLE = YES;
				IPHONEOS_DEPLOYMENT_TARGET = 10.2;
				MTL_ENABLE_DEBUG_INFO = YES;
				ONLY_ACTIVE_ARCH = YES;
				SDKROOT = iphoneos;
				SWIFT_ACTIVE_COMPILATION_CONDITIONS = DEBUG;
				SWIFT_OPTIMIZATION_LEVEL = "-Onone";
			};
			name = Debug;
		};
		525B80D91DE67FE900DD79BF /* Release */ = {
			isa = XCBuildConfiguration;
			buildSettings = {
				ALWAYS_SEARCH_USER_PATHS = NO;
				CLANG_ANALYZER_NONNULL = YES;
				CLANG_CXX_LANGUAGE_STANDARD = "gnu++0x";
				CLANG_CXX_LIBRARY = "libc++";
				CLANG_ENABLE_MODULES = YES;
				CLANG_ENABLE_OBJC_ARC = YES;
				CLANG_WARN_BOOL_CONVERSION = YES;
				CLANG_WARN_CONSTANT_CONVERSION = YES;
				CLANG_WARN_DIRECT_OBJC_ISA_USAGE = YES_ERROR;
				CLANG_WARN_DOCUMENTATION_COMMENTS = YES;
				CLANG_WARN_EMPTY_BODY = YES;
				CLANG_WARN_ENUM_CONVERSION = YES;
				CLANG_WARN_INFINITE_RECURSION = YES;
				CLANG_WARN_INT_CONVERSION = YES;
				CLANG_WARN_OBJC_ROOT_CLASS = YES_ERROR;
				CLANG_WARN_SUSPICIOUS_MOVE = YES;
				CLANG_WARN_UNREACHABLE_CODE = YES;
				CLANG_WARN__DUPLICATE_METHOD_MATCH = YES;
				"CODE_SIGN_IDENTITY[sdk=iphoneos*]" = "iPhone Developer";
				COPY_PHASE_STRIP = NO;
				DEBUG_INFORMATION_FORMAT = "dwarf-with-dsym";
				ENABLE_NS_ASSERTIONS = NO;
				ENABLE_STRICT_OBJC_MSGSEND = YES;
				GCC_C_LANGUAGE_STANDARD = gnu99;
				GCC_NO_COMMON_BLOCKS = YES;
				GCC_WARN_64_TO_32_BIT_CONVERSION = YES;
				GCC_WARN_ABOUT_RETURN_TYPE = YES_ERROR;
				GCC_WARN_UNDECLARED_SELECTOR = YES;
				GCC_WARN_UNINITIALIZED_AUTOS = YES_AGGRESSIVE;
				GCC_WARN_UNUSED_FUNCTION = YES;
				GCC_WARN_UNUSED_VARIABLE = YES;
				IPHONEOS_DEPLOYMENT_TARGET = 10.2;
				MTL_ENABLE_DEBUG_INFO = NO;
				SDKROOT = iphoneos;
				SWIFT_OPTIMIZATION_LEVEL = "-Owholemodule";
				VALIDATE_PRODUCT = YES;
			};
			name = Release;
		};
		525B80DB1DE67FE900DD79BF /* Debug */ = {
			isa = XCBuildConfiguration;
			buildSettings = {
				ASSETCATALOG_COMPILER_APPICON_NAME = AppIcon;
				DEVELOPMENT_TEAM = J654GEC59J;
				INFOPLIST_FILE = Acquaintance/Info.plist;
				IPHONEOS_DEPLOYMENT_TARGET = 10.1;
				LD_RUNPATH_SEARCH_PATHS = "$(inherited) @executable_path/Frameworks";
				PRODUCT_BUNDLE_IDENTIFIER = com.bjtu.Acquaintance;
				PRODUCT_NAME = "$(TARGET_NAME)";
				SWIFT_VERSION = 3.0;
			};
			name = Debug;
		};
		525B80DC1DE67FE900DD79BF /* Release */ = {
			isa = XCBuildConfiguration;
			buildSettings = {
				ASSETCATALOG_COMPILER_APPICON_NAME = AppIcon;
				DEVELOPMENT_TEAM = J654GEC59J;
				INFOPLIST_FILE = Acquaintance/Info.plist;
				IPHONEOS_DEPLOYMENT_TARGET = 10.1;
				LD_RUNPATH_SEARCH_PATHS = "$(inherited) @executable_path/Frameworks";
				PRODUCT_BUNDLE_IDENTIFIER = com.bjtu.Acquaintance;
				PRODUCT_NAME = "$(TARGET_NAME)";
				SWIFT_VERSION = 3.0;
			};
			name = Release;
		};
/* End XCBuildConfiguration section */

/* Begin XCConfigurationList section */
		525B80C31DE67FE800DD79BF /* Build configuration list for PBXProject "Acquaintance" */ = {
			isa = XCConfigurationList;
			buildConfigurations = (
				525B80D81DE67FE900DD79BF /* Debug */,
				525B80D91DE67FE900DD79BF /* Release */,
			);
			defaultConfigurationIsVisible = 0;
			defaultConfigurationName = Release;
		};
		525B80DA1DE67FE900DD79BF /* Build configuration list for PBXNativeTarget "Acquaintance" */ = {
			isa = XCConfigurationList;
			buildConfigurations = (
				525B80DB1DE67FE900DD79BF /* Debug */,
				525B80DC1DE67FE900DD79BF /* Release */,
			);
			defaultConfigurationIsVisible = 0;
			defaultConfigurationName = Release;
		};
/* End XCConfigurationList section */

/* Begin XCVersionGroup section */
		52CF840D1DE7EC7A00011032 /* Acquaintance.xcdatamodeld */ = {
			isa = XCVersionGroup;
			children = (
				52CF840E1DE7EC7A00011032 /* Acquaintance.xcdatamodel */,
			);
			currentVersion = 52CF840E1DE7EC7A00011032 /* Acquaintance.xcdatamodel */;
			path = Acquaintance.xcdatamodeld;
			sourceTree = "<group>";
			versionGroupType = wrapper.xcdatamodel;
		};
/* End XCVersionGroup section */
	};
	rootObject = 525B80C01DE67FE800DD79BF /* Project object */;
}
